{
  "version": 4,
  "terraform_version": "1.8.5",
  "serial": 337,
  "lineage": "6c24b1b3-73a6-df61-d309-0dd00bdec57a",
  "outputs": {},
  "resources": [
    {
      "module": "module.cluster",
      "mode": "managed",
      "type": "aws_eks_cluster",
      "name": "eks_cluster",
      "provider": "provider[\"registry.terraform.io/hashicorp/aws\"]",
      "instances": [
        {
          "schema_version": 1,
          "attributes": {
            "access_config": [
              {
                "authentication_mode": "CONFIG_MAP",
                "bootstrap_cluster_creator_admin_permissions": true
              }
            ],
            "arn": "arn:aws:eks:us-east-1:140631808913:cluster/Backend-Tech-Challenge",
            "bootstrap_self_managed_addons": true,
            "certificate_authority": [
              {
                "data": "LS0tLS1CRUdJTiBDRVJUSUZJQ0FURS0tLS0tCk1JSURCVENDQWUyZ0F3SUJBZ0lJSklvS3FkckhLS3N3RFFZSktvWklodmNOQVFFTEJRQXdGVEVUTUJFR0ExVUUKQXhNS2EzVmlaWEp1WlhSbGN6QWVGdzB5TkRFeE1qa3hOekEwTVRGYUZ3MHpOREV4TWpjeE56QTVNVEZhTUJVeApFekFSQmdOVkJBTVRDbXQxWW1WeWJtVjBaWE13Z2dFaU1BMEdDU3FHU0liM0RRRUJBUVVBQTRJQkR3QXdnZ0VLCkFvSUJBUUN1Y0x1NmJmRm1lV0RaVXNpRllGWm1JRjd2TDdqZHZJekFrNkFLQUFkVXBhaW41Nk9Wd3JValB0YlMKTGJRdmtBcWZ4Nk1oWkplTnRMVldaQlU1UE9oRngrUEdrcXNvbkhpcklSUDVYSlJYWFRCbWpMNGxzb3pPeXFFYgpsU3JsWjc4emZKUWhOLzlvMlp2VW5YQWRZWTQ3dzFKWlQ0cklFMjlrZHlKZDRWT3VkZEd2dnB1ZDd2dkdzS1pXClAycFlTRlZqaDZxMytJSVcxVUFVVDBIOFdFSGZxZnprbkpyaHBlSDU4R0l2R2k0a1FhTHowaXVPeG9oaFoxaGUKb1pVNklUdkc0aHM1dUt3SU9XaWxWY3I5a3UxRWVJYWpNRDhqU3VxMXVGTUtpYWlzZ00wRDJoQzBJeUhpTllncQpEZEEveG5valByZzIwbGNWMFNWVVJQWVRRdGdaQWdNQkFBR2pXVEJYTUE0R0ExVWREd0VCL3dRRUF3SUNwREFQCkJnTlZIUk1CQWY4RUJUQURBUUgvTUIwR0ExVWREZ1FXQkJSVE9zU1hOSXlGcmtSV1JJMWJKa2w5WWI5bEZUQVYKQmdOVkhSRUVEakFNZ2dwcmRXSmxjbTVsZEdWek1BMEdDU3FHU0liM0RRRUJDd1VBQTRJQkFRQktXcUJGd0djYwo3YlBGaUpaWUNFWE11RjhjZ2RqUFVGU08zOVVRTEVDcHV5VjFzZFM0USswZjZTMzhNRSsrQXVRM2VXbFRjUUlWCkRuR29CdVFWcDBCZFplOW9VbXdoc2VnWnkvaXN5c3hMTVlXRnROL0pzdXNydVM1NC9seTN6UWlHcTkxOElTRHQKR296OXBDdFEydU5yd2x0NmozSHVYUXNyL200dEx5ajhWbHpFT0ZlMm5mRlNva2RTU01wRzEwb3NiQjJDMXdlUgpubXpZMGRTdWJkNWNudW9qcThSY0VuaUtKTG9ZSm9xOXVmNnQwRGkrUjEyeVNUK1BIOHM5K29XY3NnaW12NHBCCm1YSU8wdUVlelZ4RVRwckFHeVhFakJzTnpqRDdYdEIwdGZEWWNmUm0xTTJWMWo0aXFzc3JWUzhwdDlCazV2TlUKMzloQ01MdnA3TFRmCi0tLS0tRU5EIENFUlRJRklDQVRFLS0tLS0K"
              }
            ],
            "cluster_id": null,
            "created_at": "2024-11-29T17:04:51Z",
            "enabled_cluster_log_types": null,
            "encryption_config": [],
            "endpoint": "https://56438CBB696B34B99F073829BC0CA895.gr7.us-east-1.eks.amazonaws.com",
            "id": "Backend-Tech-Challenge",
            "identity": [
              {
                "oidc": [
                  {
                    "issuer": "https://oidc.eks.us-east-1.amazonaws.com/id/56438CBB696B34B99F073829BC0CA895"
                  }
                ]
              }
            ],
            "kubernetes_network_config": [
              {
                "ip_family": "ipv4",
                "service_ipv4_cidr": "172.20.0.0/16",
                "service_ipv6_cidr": ""
              }
            ],
            "name": "Backend-Tech-Challenge",
            "outpost_config": [],
            "platform_version": "eks.20",
            "role_arn": "arn:aws:iam::140631808913:role/LabRole",
            "status": "ACTIVE",
            "tags": {
              "kubernetes.io/cluster/Backend-Tech-Challenge": "shared"
            },
            "tags_all": {
              "kubernetes.io/cluster/Backend-Tech-Challenge": "shared"
            },
            "timeouts": null,
            "upgrade_policy": [
              {
                "support_type": "EXTENDED"
              }
            ],
            "version": "1.30",
            "vpc_config": [
              {
                "cluster_security_group_id": "sg-0bff55fd6680772f9",
                "endpoint_private_access": false,
                "endpoint_public_access": true,
                "public_access_cidrs": [
                  "0.0.0.0/0"
                ],
                "security_group_ids": [
                  "sg-04abdb281f56bc723"
                ],
                "subnet_ids": [
                  "subnet-0239cac39ae436f18",
                  "subnet-0b18ed2d062b2334f"
                ],
                "vpc_id": "vpc-070dfbea4f060093f"
              }
            ],
            "zonal_shift_config": []
          },
          "sensitive_attributes": [],
          "private": "eyJlMmJmYjczMC1lY2FhLTExZTYtOGY4OC0zNDM2M2JjN2M0YzAiOnsiY3JlYXRlIjoxODAwMDAwMDAwMDAwLCJkZWxldGUiOjkwMDAwMDAwMDAwMCwidXBkYXRlIjozNjAwMDAwMDAwMDAwfSwic2NoZW1hX3ZlcnNpb24iOiIxIn0=",
          "dependencies": [
            "module.cluster.aws_security_group.eks_cluster_sg",
            "module.network.aws_subnet.int_sub_a_tech_challenge",
            "module.network.aws_subnet.int_sub_b_tech_challenge",
            "module.network.aws_vpc.vpc_tech_challenge"
          ]
        }
      ]
    },
    {
      "module": "module.cluster",
      "mode": "managed",
      "type": "aws_security_group",
      "name": "eks_cluster_sg",
      "provider": "provider[\"registry.terraform.io/hashicorp/aws\"]",
      "instances": [
        {
          "schema_version": 1,
          "attributes": {
            "arn": "arn:aws:ec2:us-east-1:140631808913:security-group/sg-04abdb281f56bc723",
            "description": "Managed by Terraform",
            "egress": [
              {
                "cidr_blocks": [
                  "0.0.0.0/0"
                ],
                "description": "",
                "from_port": 0,
                "ipv6_cidr_blocks": [],
                "prefix_list_ids": [],
                "protocol": "-1",
                "security_groups": [],
                "self": false,
                "to_port": 0
              }
            ],
            "id": "sg-04abdb281f56bc723",
            "ingress": [],
            "name": "EKS_Cluster-Tech-Challenge",
            "name_prefix": "",
            "owner_id": "140631808913",
            "revoke_rules_on_delete": false,
            "tags": {
              "Name": "EKS_Cluster_Security_Group-Tech-Challenge"
            },
            "tags_all": {
              "Name": "EKS_Cluster_Security_Group-Tech-Challenge"
            },
            "timeouts": null,
            "vpc_id": "vpc-070dfbea4f060093f"
          },
          "sensitive_attributes": [],
          "private": "eyJlMmJmYjczMC1lY2FhLTExZTYtOGY4OC0zNDM2M2JjN2M0YzAiOnsiY3JlYXRlIjo2MDAwMDAwMDAwMDAsImRlbGV0ZSI6OTAwMDAwMDAwMDAwfSwic2NoZW1hX3ZlcnNpb24iOiIxIn0=",
          "dependencies": [
            "module.network.aws_vpc.vpc_tech_challenge"
          ]
        }
      ]
    },
    {
      "module": "module.network",
      "mode": "managed",
      "type": "aws_eip",
      "name": "nat_gateway_eip_a",
      "provider": "provider[\"registry.terraform.io/hashicorp/aws\"]",
      "instances": [
        {
          "schema_version": 0,
          "attributes": {
            "address": null,
            "allocation_id": "eipalloc-0f5281f5ebff7b994",
            "arn": "arn:aws:ec2:us-east-1:140631808913:elastic-ip/eipalloc-0f5281f5ebff7b994",
            "associate_with_private_ip": null,
            "association_id": "",
            "carrier_ip": "",
            "customer_owned_ip": "",
            "customer_owned_ipv4_pool": "",
            "domain": "vpc",
            "id": "eipalloc-0f5281f5ebff7b994",
            "instance": "",
            "ipam_pool_id": null,
            "network_border_group": "us-east-1",
            "network_interface": "",
            "private_dns": null,
            "private_ip": "",
            "ptr_record": "",
            "public_dns": "ec2-52-0-160-32.compute-1.amazonaws.com",
            "public_ip": "52.0.160.32",
            "public_ipv4_pool": "amazon",
            "tags": {
              "Name": "Elastick-IP-A-Tech-Challenge"
            },
            "tags_all": {
              "Name": "Elastick-IP-A-Tech-Challenge"
            },
            "timeouts": null,
            "vpc": true
          },
          "sensitive_attributes": [],
          "private": "eyJlMmJmYjczMC1lY2FhLTExZTYtOGY4OC0zNDM2M2JjN2M0YzAiOnsiZGVsZXRlIjoxODAwMDAwMDAwMDAsInJlYWQiOjkwMDAwMDAwMDAwMCwidXBkYXRlIjozMDAwMDAwMDAwMDB9fQ=="
        }
      ]
    },
    {
      "module": "module.network",
      "mode": "managed",
      "type": "aws_eip",
      "name": "nat_gateway_eip_b",
      "provider": "provider[\"registry.terraform.io/hashicorp/aws\"]",
      "instances": [
        {
          "schema_version": 0,
          "attributes": {
            "address": null,
            "allocation_id": "eipalloc-0292f565377147bc1",
            "arn": "arn:aws:ec2:us-east-1:140631808913:elastic-ip/eipalloc-0292f565377147bc1",
            "associate_with_private_ip": null,
            "association_id": "",
            "carrier_ip": "",
            "customer_owned_ip": "",
            "customer_owned_ipv4_pool": "",
            "domain": "vpc",
            "id": "eipalloc-0292f565377147bc1",
            "instance": "",
            "ipam_pool_id": null,
            "network_border_group": "us-east-1",
            "network_interface": "",
            "private_dns": null,
            "private_ip": "",
            "ptr_record": "",
            "public_dns": "ec2-44-206-33-113.compute-1.amazonaws.com",
            "public_ip": "44.206.33.113",
            "public_ipv4_pool": "amazon",
            "tags": {
              "Name": "IP_Elastico_B-Tech-Challenge"
            },
            "tags_all": {
              "Name": "IP_Elastico_B-Tech-Challenge"
            },
            "timeouts": null,
            "vpc": true
          },
          "sensitive_attributes": [],
          "private": "eyJlMmJmYjczMC1lY2FhLTExZTYtOGY4OC0zNDM2M2JjN2M0YzAiOnsiZGVsZXRlIjoxODAwMDAwMDAwMDAsInJlYWQiOjkwMDAwMDAwMDAwMCwidXBkYXRlIjozMDAwMDAwMDAwMDB9fQ=="
        }
      ]
    },
    {
      "module": "module.network",
      "mode": "managed",
      "type": "aws_internet_gateway",
      "name": "igw_tech_challenge",
      "provider": "provider[\"registry.terraform.io/hashicorp/aws\"]",
      "instances": [
        {
          "schema_version": 0,
          "attributes": {
            "arn": "arn:aws:ec2:us-east-1:140631808913:internet-gateway/igw-0fd99ee59e09bca2a",
            "id": "igw-0fd99ee59e09bca2a",
            "owner_id": "140631808913",
            "tags": {
              "Name": "Internet-Gateway-Tech-Challenge"
            },
            "tags_all": {
              "Name": "Internet-Gateway-Tech-Challenge"
            },
            "timeouts": null,
            "vpc_id": "vpc-070dfbea4f060093f"
          },
          "sensitive_attributes": [],
          "private": "eyJlMmJmYjczMC1lY2FhLTExZTYtOGY4OC0zNDM2M2JjN2M0YzAiOnsiY3JlYXRlIjoxMjAwMDAwMDAwMDAwLCJkZWxldGUiOjEyMDAwMDAwMDAwMDAsInVwZGF0ZSI6MTIwMDAwMDAwMDAwMH19",
          "dependencies": [
            "module.network.aws_vpc.vpc_tech_challenge"
          ]
        }
      ]
    },
    {
      "module": "module.network",
      "mode": "managed",
      "type": "aws_lb",
      "name": "load_balance",
      "provider": "provider[\"registry.terraform.io/hashicorp/aws\"]",
      "instances": [
        {
          "schema_version": 0,
          "attributes": {
            "access_logs": [
              {
                "bucket": "",
                "enabled": false,
                "prefix": ""
              }
            ],
            "arn": "arn:aws:elasticloadbalancing:us-east-1:140631808913:loadbalancer/app/Load-Balance-Tech-Challenge/23ff22a713f849bf",
            "arn_suffix": "app/Load-Balance-Tech-Challenge/23ff22a713f849bf",
            "client_keep_alive": 3600,
            "connection_logs": [
              {
                "bucket": "",
                "enabled": false,
                "prefix": ""
              }
            ],
            "customer_owned_ipv4_pool": "",
            "desync_mitigation_mode": "defensive",
            "dns_name": "Load-Balance-Tech-Challenge-128652813.us-east-1.elb.amazonaws.com",
            "dns_record_client_routing_policy": null,
            "drop_invalid_header_fields": false,
            "enable_cross_zone_load_balancing": true,
            "enable_deletion_protection": false,
            "enable_http2": true,
            "enable_tls_version_and_cipher_suite_headers": false,
            "enable_waf_fail_open": false,
            "enable_xff_client_port": false,
            "enable_zonal_shift": false,
            "enforce_security_group_inbound_rules_on_private_link_traffic": "",
            "id": "arn:aws:elasticloadbalancing:us-east-1:140631808913:loadbalancer/app/Load-Balance-Tech-Challenge/23ff22a713f849bf",
            "idle_timeout": 60,
            "internal": false,
            "ip_address_type": "ipv4",
            "load_balancer_type": "application",
            "name": "Load-Balance-Tech-Challenge",
            "name_prefix": "",
            "preserve_host_header": false,
            "security_groups": [
              "sg-0f443dbead03a07ca"
            ],
            "subnet_mapping": [
              {
                "allocation_id": "",
                "ipv6_address": "",
                "outpost_id": "",
                "private_ipv4_address": "",
                "subnet_id": "subnet-053bcac7f5a99aef8"
              },
              {
                "allocation_id": "",
                "ipv6_address": "",
                "outpost_id": "",
                "private_ipv4_address": "",
                "subnet_id": "subnet-0d9403dfb2b4392fe"
              }
            ],
            "subnets": [
              "subnet-053bcac7f5a99aef8",
              "subnet-0d9403dfb2b4392fe"
            ],
            "tags": null,
            "tags_all": {},
            "timeouts": null,
            "vpc_id": "vpc-070dfbea4f060093f",
            "xff_header_processing_mode": "append",
            "zone_id": "Z35SXDOTRQ7X7K"
          },
          "sensitive_attributes": [],
          "private": "eyJlMmJmYjczMC1lY2FhLTExZTYtOGY4OC0zNDM2M2JjN2M0YzAiOnsiY3JlYXRlIjo2MDAwMDAwMDAwMDAsImRlbGV0ZSI6NjAwMDAwMDAwMDAwLCJ1cGRhdGUiOjYwMDAwMDAwMDAwMH19",
          "dependencies": [
            "module.network.aws_security_group.security_group_load_balance",
            "module.network.aws_subnet.ext_sub_a_tech_challenge",
            "module.network.aws_subnet.ext_sub_b_tech_challenge",
            "module.network.aws_vpc.vpc_tech_challenge"
          ]
        }
      ]
    },
    {
      "module": "module.network",
      "mode": "managed",
      "type": "aws_nat_gateway",
      "name": "nat_gtw_a",
      "provider": "provider[\"registry.terraform.io/hashicorp/aws\"]",
      "instances": [
        {
          "schema_version": 0,
          "attributes": {
            "allocation_id": "eipalloc-0f5281f5ebff7b994",
            "association_id": "eipassoc-0607c19cf6b371687",
            "connectivity_type": "public",
            "id": "nat-0d88b8300dad2b12b",
            "network_interface_id": "eni-0b22f3df0b2af1a5a",
            "private_ip": "10.110.11.142",
            "public_ip": "52.0.160.32",
            "secondary_allocation_ids": null,
            "secondary_private_ip_address_count": 0,
            "secondary_private_ip_addresses": [],
            "subnet_id": "subnet-053bcac7f5a99aef8",
            "tags": {
              "Name": "NAT_Gateway_a-Tech-Challenge"
            },
            "tags_all": {
              "Name": "NAT_Gateway_a-Tech-Challenge"
            },
            "timeouts": null
          },
          "sensitive_attributes": [],
          "private": "eyJlMmJmYjczMC1lY2FhLTExZTYtOGY4OC0zNDM2M2JjN2M0YzAiOnsiY3JlYXRlIjo2MDAwMDAwMDAwMDAsImRlbGV0ZSI6MTgwMDAwMDAwMDAwMCwidXBkYXRlIjo2MDAwMDAwMDAwMDB9fQ==",
          "dependencies": [
            "module.network.aws_eip.nat_gateway_eip_a",
            "module.network.aws_subnet.ext_sub_a_tech_challenge",
            "module.network.aws_vpc.vpc_tech_challenge"
          ]
        }
      ]
    },
    {
      "module": "module.network",
      "mode": "managed",
      "type": "aws_nat_gateway",
      "name": "nat_gtw_b",
      "provider": "provider[\"registry.terraform.io/hashicorp/aws\"]",
      "instances": [
        {
          "schema_version": 0,
          "attributes": {
            "allocation_id": "eipalloc-0292f565377147bc1",
            "association_id": "eipassoc-0dd1e0469549cc907",
            "connectivity_type": "public",
            "id": "nat-07f2d70a0b78f2f17",
            "network_interface_id": "eni-012487c3b13350aa4",
            "private_ip": "10.110.10.228",
            "public_ip": "44.206.33.113",
            "secondary_allocation_ids": null,
            "secondary_private_ip_address_count": 0,
            "secondary_private_ip_addresses": [],
            "subnet_id": "subnet-0d9403dfb2b4392fe",
            "tags": {
              "Name": "NAT_Gateway_b-Tech-Challenge"
            },
            "tags_all": {
              "Name": "NAT_Gateway_b-Tech-Challenge"
            },
            "timeouts": null
          },
          "sensitive_attributes": [],
          "private": "eyJlMmJmYjczMC1lY2FhLTExZTYtOGY4OC0zNDM2M2JjN2M0YzAiOnsiY3JlYXRlIjo2MDAwMDAwMDAwMDAsImRlbGV0ZSI6MTgwMDAwMDAwMDAwMCwidXBkYXRlIjo2MDAwMDAwMDAwMDB9fQ==",
          "dependencies": [
            "module.network.aws_eip.nat_gateway_eip_b",
            "module.network.aws_subnet.ext_sub_b_tech_challenge",
            "module.network.aws_vpc.vpc_tech_challenge"
          ]
        }
      ]
    },
    {
      "module": "module.network",
      "mode": "managed",
      "type": "aws_route",
      "name": "rota_default_external_sub_net_a",
      "provider": "provider[\"registry.terraform.io/hashicorp/aws\"]",
      "instances": [
        {
          "schema_version": 0,
          "attributes": {
            "carrier_gateway_id": "",
            "core_network_arn": "",
            "destination_cidr_block": "0.0.0.0/0",
            "destination_ipv6_cidr_block": "",
            "destination_prefix_list_id": "",
            "egress_only_gateway_id": "",
            "gateway_id": "igw-0fd99ee59e09bca2a",
            "id": "r-rtb-07264c03102a2201e1080289494",
            "instance_id": "",
            "instance_owner_id": "",
            "local_gateway_id": "",
            "nat_gateway_id": "",
            "network_interface_id": "",
            "origin": "CreateRoute",
            "route_table_id": "rtb-07264c03102a2201e",
            "state": "active",
            "timeouts": null,
            "transit_gateway_id": "",
            "vpc_endpoint_id": "",
            "vpc_peering_connection_id": ""
          },
          "sensitive_attributes": [],
          "private": "eyJlMmJmYjczMC1lY2FhLTExZTYtOGY4OC0zNDM2M2JjN2M0YzAiOnsiY3JlYXRlIjozMDAwMDAwMDAwMDAsImRlbGV0ZSI6MzAwMDAwMDAwMDAwLCJ1cGRhdGUiOjEyMDAwMDAwMDAwMH19",
          "dependencies": [
            "module.network.aws_internet_gateway.igw_tech_challenge",
            "module.network.aws_route_table.external_route_table_a",
            "module.network.aws_vpc.vpc_tech_challenge"
          ]
        }
      ]
    },
    {
      "module": "module.network",
      "mode": "managed",
      "type": "aws_route",
      "name": "rota_default_external_sub_net_b",
      "provider": "provider[\"registry.terraform.io/hashicorp/aws\"]",
      "instances": [
        {
          "schema_version": 0,
          "attributes": {
            "carrier_gateway_id": "",
            "core_network_arn": "",
            "destination_cidr_block": "0.0.0.0/0",
            "destination_ipv6_cidr_block": "",
            "destination_prefix_list_id": "",
            "egress_only_gateway_id": "",
            "gateway_id": "igw-0fd99ee59e09bca2a",
            "id": "r-rtb-08ccca18365b239241080289494",
            "instance_id": "",
            "instance_owner_id": "",
            "local_gateway_id": "",
            "nat_gateway_id": "",
            "network_interface_id": "",
            "origin": "CreateRoute",
            "route_table_id": "rtb-08ccca18365b23924",
            "state": "active",
            "timeouts": null,
            "transit_gateway_id": "",
            "vpc_endpoint_id": "",
            "vpc_peering_connection_id": ""
          },
          "sensitive_attributes": [],
          "private": "eyJlMmJmYjczMC1lY2FhLTExZTYtOGY4OC0zNDM2M2JjN2M0YzAiOnsiY3JlYXRlIjozMDAwMDAwMDAwMDAsImRlbGV0ZSI6MzAwMDAwMDAwMDAwLCJ1cGRhdGUiOjEyMDAwMDAwMDAwMH19",
          "dependencies": [
            "module.network.aws_internet_gateway.igw_tech_challenge",
            "module.network.aws_route_table.external_route_table_b",
            "module.network.aws_vpc.vpc_tech_challenge"
          ]
        }
      ]
    },
    {
      "module": "module.network",
      "mode": "managed",
      "type": "aws_route",
      "name": "rota_default_internal_sub_net_a",
      "provider": "provider[\"registry.terraform.io/hashicorp/aws\"]",
      "instances": [
        {
          "schema_version": 0,
          "attributes": {
            "carrier_gateway_id": "",
            "core_network_arn": "",
            "destination_cidr_block": "0.0.0.0/0",
            "destination_ipv6_cidr_block": "",
            "destination_prefix_list_id": "",
            "egress_only_gateway_id": "",
            "gateway_id": "",
            "id": "r-rtb-05d980db9417963091080289494",
            "instance_id": "",
            "instance_owner_id": "",
            "local_gateway_id": "",
            "nat_gateway_id": "nat-0d88b8300dad2b12b",
            "network_interface_id": "",
            "origin": "CreateRoute",
            "route_table_id": "rtb-05d980db941796309",
            "state": "active",
            "timeouts": null,
            "transit_gateway_id": "",
            "vpc_endpoint_id": "",
            "vpc_peering_connection_id": ""
          },
          "sensitive_attributes": [],
          "private": "eyJlMmJmYjczMC1lY2FhLTExZTYtOGY4OC0zNDM2M2JjN2M0YzAiOnsiY3JlYXRlIjozMDAwMDAwMDAwMDAsImRlbGV0ZSI6MzAwMDAwMDAwMDAwLCJ1cGRhdGUiOjEyMDAwMDAwMDAwMH19",
          "dependencies": [
            "module.network.aws_eip.nat_gateway_eip_a",
            "module.network.aws_nat_gateway.nat_gtw_a",
            "module.network.aws_route_table.internal_route_table_a",
            "module.network.aws_subnet.ext_sub_a_tech_challenge",
            "module.network.aws_vpc.vpc_tech_challenge"
          ]
        }
      ]
    },
    {
      "module": "module.network",
      "mode": "managed",
      "type": "aws_route",
      "name": "rota_default_internal_sub_net_b",
      "provider": "provider[\"registry.terraform.io/hashicorp/aws\"]",
      "instances": [
        {
          "schema_version": 0,
          "attributes": {
            "carrier_gateway_id": "",
            "core_network_arn": "",
            "destination_cidr_block": "0.0.0.0/0",
            "destination_ipv6_cidr_block": "",
            "destination_prefix_list_id": "",
            "egress_only_gateway_id": "",
            "gateway_id": "",
            "id": "r-rtb-04a875cf9dd5776101080289494",
            "instance_id": "",
            "instance_owner_id": "",
            "local_gateway_id": "",
            "nat_gateway_id": "nat-07f2d70a0b78f2f17",
            "network_interface_id": "",
            "origin": "CreateRoute",
            "route_table_id": "rtb-04a875cf9dd577610",
            "state": "active",
            "timeouts": null,
            "transit_gateway_id": "",
            "vpc_endpoint_id": "",
            "vpc_peering_connection_id": ""
          },
          "sensitive_attributes": [],
          "private": "eyJlMmJmYjczMC1lY2FhLTExZTYtOGY4OC0zNDM2M2JjN2M0YzAiOnsiY3JlYXRlIjozMDAwMDAwMDAwMDAsImRlbGV0ZSI6MzAwMDAwMDAwMDAwLCJ1cGRhdGUiOjEyMDAwMDAwMDAwMH19",
          "dependencies": [
            "module.network.aws_eip.nat_gateway_eip_b",
            "module.network.aws_nat_gateway.nat_gtw_b",
            "module.network.aws_route_table.internal_route_table_b",
            "module.network.aws_subnet.ext_sub_b_tech_challenge",
            "module.network.aws_vpc.vpc_tech_challenge"
          ]
        }
      ]
    },
    {
      "module": "module.network",
      "mode": "managed",
      "type": "aws_route_table",
      "name": "external_route_table_a",
      "provider": "provider[\"registry.terraform.io/hashicorp/aws\"]",
      "instances": [
        {
          "schema_version": 0,
          "attributes": {
            "arn": "arn:aws:ec2:us-east-1:140631808913:route-table/rtb-07264c03102a2201e",
            "id": "rtb-07264c03102a2201e",
            "owner_id": "140631808913",
            "propagating_vgws": [],
            "route": [],
            "tags": {
              "Name": "External-Route-Table-A"
            },
            "tags_all": {
              "Name": "External-Route-Table-A"
            },
            "timeouts": null,
            "vpc_id": "vpc-070dfbea4f060093f"
          },
          "sensitive_attributes": [],
          "private": "eyJlMmJmYjczMC1lY2FhLTExZTYtOGY4OC0zNDM2M2JjN2M0YzAiOnsiY3JlYXRlIjozMDAwMDAwMDAwMDAsImRlbGV0ZSI6MzAwMDAwMDAwMDAwLCJ1cGRhdGUiOjEyMDAwMDAwMDAwMH19",
          "dependencies": [
            "module.network.aws_vpc.vpc_tech_challenge"
          ]
        }
      ]
    },
    {
      "module": "module.network",
      "mode": "managed",
      "type": "aws_route_table",
      "name": "external_route_table_b",
      "provider": "provider[\"registry.terraform.io/hashicorp/aws\"]",
      "instances": [
        {
          "schema_version": 0,
          "attributes": {
            "arn": "arn:aws:ec2:us-east-1:140631808913:route-table/rtb-08ccca18365b23924",
            "id": "rtb-08ccca18365b23924",
            "owner_id": "140631808913",
            "propagating_vgws": [],
            "route": [],
            "tags": {
              "Name": "External-Route-Table-B"
            },
            "tags_all": {
              "Name": "External-Route-Table-B"
            },
            "timeouts": null,
            "vpc_id": "vpc-070dfbea4f060093f"
          },
          "sensitive_attributes": [],
          "private": "eyJlMmJmYjczMC1lY2FhLTExZTYtOGY4OC0zNDM2M2JjN2M0YzAiOnsiY3JlYXRlIjozMDAwMDAwMDAwMDAsImRlbGV0ZSI6MzAwMDAwMDAwMDAwLCJ1cGRhdGUiOjEyMDAwMDAwMDAwMH19",
          "dependencies": [
            "module.network.aws_vpc.vpc_tech_challenge"
          ]
        }
      ]
    },
    {
      "module": "module.network",
      "mode": "managed",
      "type": "aws_route_table",
      "name": "internal_route_table_a",
      "provider": "provider[\"registry.terraform.io/hashicorp/aws\"]",
      "instances": [
        {
          "schema_version": 0,
          "attributes": {
            "arn": "arn:aws:ec2:us-east-1:140631808913:route-table/rtb-05d980db941796309",
            "id": "rtb-05d980db941796309",
            "owner_id": "140631808913",
            "propagating_vgws": [],
            "route": [],
            "tags": {
              "Name": "Tabela_Roteamento_Interna_a-Tech-Challenge"
            },
            "tags_all": {
              "Name": "Tabela_Roteamento_Interna_a-Tech-Challenge"
            },
            "timeouts": null,
            "vpc_id": "vpc-070dfbea4f060093f"
          },
          "sensitive_attributes": [],
          "private": "eyJlMmJmYjczMC1lY2FhLTExZTYtOGY4OC0zNDM2M2JjN2M0YzAiOnsiY3JlYXRlIjozMDAwMDAwMDAwMDAsImRlbGV0ZSI6MzAwMDAwMDAwMDAwLCJ1cGRhdGUiOjEyMDAwMDAwMDAwMH19",
          "dependencies": [
            "module.network.aws_vpc.vpc_tech_challenge"
          ]
        }
      ]
    },
    {
      "module": "module.network",
      "mode": "managed",
      "type": "aws_route_table",
      "name": "internal_route_table_b",
      "provider": "provider[\"registry.terraform.io/hashicorp/aws\"]",
      "instances": [
        {
          "schema_version": 0,
          "attributes": {
            "arn": "arn:aws:ec2:us-east-1:140631808913:route-table/rtb-04a875cf9dd577610",
            "id": "rtb-04a875cf9dd577610",
            "owner_id": "140631808913",
            "propagating_vgws": [],
            "route": [],
            "tags": {
              "Name": "Tabela_Roteamento_Interna_b-Tech-Challenge"
            },
            "tags_all": {
              "Name": "Tabela_Roteamento_Interna_b-Tech-Challenge"
            },
            "timeouts": null,
            "vpc_id": "vpc-070dfbea4f060093f"
          },
          "sensitive_attributes": [],
          "private": "eyJlMmJmYjczMC1lY2FhLTExZTYtOGY4OC0zNDM2M2JjN2M0YzAiOnsiY3JlYXRlIjozMDAwMDAwMDAwMDAsImRlbGV0ZSI6MzAwMDAwMDAwMDAwLCJ1cGRhdGUiOjEyMDAwMDAwMDAwMH19",
          "dependencies": [
            "module.network.aws_vpc.vpc_tech_challenge"
          ]
        }
      ]
    },
    {
      "module": "module.network",
      "mode": "managed",
      "type": "aws_route_table_association",
      "name": "external_route_a",
      "provider": "provider[\"registry.terraform.io/hashicorp/aws\"]",
      "instances": [
        {
          "schema_version": 0,
          "attributes": {
            "gateway_id": "",
            "id": "rtbassoc-02625c3a9b54010d9",
            "route_table_id": "rtb-07264c03102a2201e",
            "subnet_id": "subnet-053bcac7f5a99aef8",
            "timeouts": null
          },
          "sensitive_attributes": [],
          "private": "eyJlMmJmYjczMC1lY2FhLTExZTYtOGY4OC0zNDM2M2JjN2M0YzAiOnsiY3JlYXRlIjozMDAwMDAwMDAwMDAsImRlbGV0ZSI6MzAwMDAwMDAwMDAwLCJ1cGRhdGUiOjEyMDAwMDAwMDAwMH19",
          "dependencies": [
            "module.network.aws_route_table.external_route_table_a",
            "module.network.aws_subnet.ext_sub_a_tech_challenge",
            "module.network.aws_vpc.vpc_tech_challenge"
          ]
        }
      ]
    },
    {
      "module": "module.network",
      "mode": "managed",
      "type": "aws_route_table_association",
      "name": "external_route_b",
      "provider": "provider[\"registry.terraform.io/hashicorp/aws\"]",
      "instances": [
        {
          "schema_version": 0,
          "attributes": {
            "gateway_id": "",
            "id": "rtbassoc-06db0b6fb4eaba656",
            "route_table_id": "rtb-08ccca18365b23924",
            "subnet_id": "subnet-0d9403dfb2b4392fe",
            "timeouts": null
          },
          "sensitive_attributes": [],
          "private": "eyJlMmJmYjczMC1lY2FhLTExZTYtOGY4OC0zNDM2M2JjN2M0YzAiOnsiY3JlYXRlIjozMDAwMDAwMDAwMDAsImRlbGV0ZSI6MzAwMDAwMDAwMDAwLCJ1cGRhdGUiOjEyMDAwMDAwMDAwMH19",
          "dependencies": [
            "module.network.aws_route_table.external_route_table_b",
            "module.network.aws_subnet.ext_sub_b_tech_challenge",
            "module.network.aws_vpc.vpc_tech_challenge"
          ]
        }
      ]
    },
    {
      "module": "module.network",
      "mode": "managed",
      "type": "aws_route_table_association",
      "name": "internal_route_a",
      "provider": "provider[\"registry.terraform.io/hashicorp/aws\"]",
      "instances": [
        {
          "schema_version": 0,
          "attributes": {
            "gateway_id": "",
            "id": "rtbassoc-0bd9c5682434695da",
            "route_table_id": "rtb-05d980db941796309",
            "subnet_id": "subnet-0b18ed2d062b2334f",
            "timeouts": null
          },
          "sensitive_attributes": [],
          "private": "eyJlMmJmYjczMC1lY2FhLTExZTYtOGY4OC0zNDM2M2JjN2M0YzAiOnsiY3JlYXRlIjozMDAwMDAwMDAwMDAsImRlbGV0ZSI6MzAwMDAwMDAwMDAwLCJ1cGRhdGUiOjEyMDAwMDAwMDAwMH19",
          "dependencies": [
            "module.network.aws_route_table.internal_route_table_a",
            "module.network.aws_subnet.int_sub_a_tech_challenge",
            "module.network.aws_vpc.vpc_tech_challenge"
          ]
        }
      ]
    },
    {
      "module": "module.network",
      "mode": "managed",
      "type": "aws_route_table_association",
      "name": "internal_route_b",
      "provider": "provider[\"registry.terraform.io/hashicorp/aws\"]",
      "instances": [
        {
          "schema_version": 0,
          "attributes": {
            "gateway_id": "",
            "id": "rtbassoc-06cc1edeccbff331e",
            "route_table_id": "rtb-04a875cf9dd577610",
            "subnet_id": "subnet-0239cac39ae436f18",
            "timeouts": null
          },
          "sensitive_attributes": [],
          "private": "eyJlMmJmYjczMC1lY2FhLTExZTYtOGY4OC0zNDM2M2JjN2M0YzAiOnsiY3JlYXRlIjozMDAwMDAwMDAwMDAsImRlbGV0ZSI6MzAwMDAwMDAwMDAwLCJ1cGRhdGUiOjEyMDAwMDAwMDAwMH19",
          "dependencies": [
            "module.network.aws_route_table.internal_route_table_b",
            "module.network.aws_subnet.int_sub_b_tech_challenge",
            "module.network.aws_vpc.vpc_tech_challenge"
          ]
        }
      ]
    },
    {
      "module": "module.network",
      "mode": "managed",
      "type": "aws_security_group",
      "name": "security_group_load_balance",
      "provider": "provider[\"registry.terraform.io/hashicorp/aws\"]",
      "instances": [
        {
          "schema_version": 1,
          "attributes": {
            "arn": "arn:aws:ec2:us-east-1:140631808913:security-group/sg-0f443dbead03a07ca",
            "description": "Managed by Terraform",
            "egress": [],
            "id": "sg-0f443dbead03a07ca",
            "ingress": [
              {
                "cidr_blocks": [
                  "0.0.0.0/0"
                ],
                "description": "",
                "from_port": 443,
                "ipv6_cidr_blocks": [],
                "prefix_list_ids": [],
                "protocol": "tcp",
                "security_groups": [],
                "self": false,
                "to_port": 443
              }
            ],
            "name": "Security-Group-Load-Balance-Tech-Challenge20241129170519181000000004",
            "name_prefix": "Security-Group-Load-Balance-Tech-Challenge",
            "owner_id": "140631808913",
            "revoke_rules_on_delete": false,
            "tags": null,
            "tags_all": {},
            "timeouts": null,
            "vpc_id": "vpc-070dfbea4f060093f"
          },
          "sensitive_attributes": [],
          "private": "eyJlMmJmYjczMC1lY2FhLTExZTYtOGY4OC0zNDM2M2JjN2M0YzAiOnsiY3JlYXRlIjo2MDAwMDAwMDAwMDAsImRlbGV0ZSI6OTAwMDAwMDAwMDAwfSwic2NoZW1hX3ZlcnNpb24iOiIxIn0=",
          "dependencies": [
            "module.network.aws_vpc.vpc_tech_challenge"
          ]
        }
      ]
    },
    {
      "module": "module.network",
      "mode": "managed",
      "type": "aws_subnet",
      "name": "ext_sub_a_tech_challenge",
      "provider": "provider[\"registry.terraform.io/hashicorp/aws\"]",
      "instances": [
        {
          "schema_version": 1,
          "attributes": {
            "arn": "arn:aws:ec2:us-east-1:140631808913:subnet/subnet-053bcac7f5a99aef8",
            "assign_ipv6_address_on_creation": false,
            "availability_zone": "us-east-1a",
            "availability_zone_id": "use1-az6",
            "cidr_block": "10.110.11.0/24",
            "customer_owned_ipv4_pool": "",
            "enable_dns64": false,
            "enable_lni_at_device_index": 0,
            "enable_resource_name_dns_a_record_on_launch": false,
            "enable_resource_name_dns_aaaa_record_on_launch": false,
            "id": "subnet-053bcac7f5a99aef8",
            "ipv6_cidr_block": "",
            "ipv6_cidr_block_association_id": "",
            "ipv6_native": false,
            "map_customer_owned_ip_on_launch": false,
            "map_public_ip_on_launch": false,
            "outpost_arn": "",
            "owner_id": "140631808913",
            "private_dns_hostname_type_on_launch": "ip-name",
            "tags": {
              "Name": "External_Subnet-A-Tech-Challenge",
              "kubernetes.io/cluster/Backend-Tech-Challenge": "shared"
            },
            "tags_all": {
              "Name": "External_Subnet-A-Tech-Challenge",
              "kubernetes.io/cluster/Backend-Tech-Challenge": "shared"
            },
            "timeouts": null,
            "vpc_id": "vpc-070dfbea4f060093f"
          },
          "sensitive_attributes": [],
          "private": "eyJlMmJmYjczMC1lY2FhLTExZTYtOGY4OC0zNDM2M2JjN2M0YzAiOnsiY3JlYXRlIjo2MDAwMDAwMDAwMDAsImRlbGV0ZSI6MTIwMDAwMDAwMDAwMH0sInNjaGVtYV92ZXJzaW9uIjoiMSJ9",
          "dependencies": [
            "module.network.aws_vpc.vpc_tech_challenge"
          ]
        }
      ]
    },
    {
      "module": "module.network",
      "mode": "managed",
      "type": "aws_subnet",
      "name": "ext_sub_b_tech_challenge",
      "provider": "provider[\"registry.terraform.io/hashicorp/aws\"]",
      "instances": [
        {
          "schema_version": 1,
          "attributes": {
            "arn": "arn:aws:ec2:us-east-1:140631808913:subnet/subnet-0d9403dfb2b4392fe",
            "assign_ipv6_address_on_creation": false,
            "availability_zone": "us-east-1b",
            "availability_zone_id": "use1-az1",
            "cidr_block": "10.110.10.0/24",
            "customer_owned_ipv4_pool": "",
            "enable_dns64": false,
            "enable_lni_at_device_index": 0,
            "enable_resource_name_dns_a_record_on_launch": false,
            "enable_resource_name_dns_aaaa_record_on_launch": false,
            "id": "subnet-0d9403dfb2b4392fe",
            "ipv6_cidr_block": "",
            "ipv6_cidr_block_association_id": "",
            "ipv6_native": false,
            "map_customer_owned_ip_on_launch": false,
            "map_public_ip_on_launch": false,
            "outpost_arn": "",
            "owner_id": "140631808913",
            "private_dns_hostname_type_on_launch": "ip-name",
            "tags": {
              "Name": "External_Subnet-B-Tech-Challenge",
              "kubernetes.io/cluster/Backend-Tech-Challenge": "shared"
            },
            "tags_all": {
              "Name": "External_Subnet-B-Tech-Challenge",
              "kubernetes.io/cluster/Backend-Tech-Challenge": "shared"
            },
            "timeouts": null,
            "vpc_id": "vpc-070dfbea4f060093f"
          },
          "sensitive_attributes": [],
          "private": "eyJlMmJmYjczMC1lY2FhLTExZTYtOGY4OC0zNDM2M2JjN2M0YzAiOnsiY3JlYXRlIjo2MDAwMDAwMDAwMDAsImRlbGV0ZSI6MTIwMDAwMDAwMDAwMH0sInNjaGVtYV92ZXJzaW9uIjoiMSJ9",
          "dependencies": [
            "module.network.aws_vpc.vpc_tech_challenge"
          ]
        }
      ]
    },
    {
      "module": "module.network",
      "mode": "managed",
      "type": "aws_subnet",
      "name": "int_sub_a_tech_challenge",
      "provider": "provider[\"registry.terraform.io/hashicorp/aws\"]",
      "instances": [
        {
          "schema_version": 1,
          "attributes": {
            "arn": "arn:aws:ec2:us-east-1:140631808913:subnet/subnet-0b18ed2d062b2334f",
            "assign_ipv6_address_on_creation": false,
            "availability_zone": "us-east-1a",
            "availability_zone_id": "use1-az6",
            "cidr_block": "10.110.1.0/24",
            "customer_owned_ipv4_pool": "",
            "enable_dns64": false,
            "enable_lni_at_device_index": 0,
            "enable_resource_name_dns_a_record_on_launch": false,
            "enable_resource_name_dns_aaaa_record_on_launch": false,
            "id": "subnet-0b18ed2d062b2334f",
            "ipv6_cidr_block": "",
            "ipv6_cidr_block_association_id": "",
            "ipv6_native": false,
            "map_customer_owned_ip_on_launch": false,
            "map_public_ip_on_launch": false,
            "outpost_arn": "",
            "owner_id": "140631808913",
            "private_dns_hostname_type_on_launch": "ip-name",
            "tags": {
              "Name": "Subnet-Internal-A-Tech-Challenge",
              "kubernetes.io/cluster/Backend-Tech-Challenge": "shared"
            },
            "tags_all": {
              "Name": "Subnet-Internal-A-Tech-Challenge",
              "kubernetes.io/cluster/Backend-Tech-Challenge": "shared"
            },
            "timeouts": null,
            "vpc_id": "vpc-070dfbea4f060093f"
          },
          "sensitive_attributes": [],
          "private": "eyJlMmJmYjczMC1lY2FhLTExZTYtOGY4OC0zNDM2M2JjN2M0YzAiOnsiY3JlYXRlIjo2MDAwMDAwMDAwMDAsImRlbGV0ZSI6MTIwMDAwMDAwMDAwMH0sInNjaGVtYV92ZXJzaW9uIjoiMSJ9",
          "dependencies": [
            "module.network.aws_vpc.vpc_tech_challenge"
          ]
        }
      ]
    },
    {
      "module": "module.network",
      "mode": "managed",
      "type": "aws_subnet",
      "name": "int_sub_b_tech_challenge",
      "provider": "provider[\"registry.terraform.io/hashicorp/aws\"]",
      "instances": [
        {
          "schema_version": 1,
          "attributes": {
            "arn": "arn:aws:ec2:us-east-1:140631808913:subnet/subnet-0239cac39ae436f18",
            "assign_ipv6_address_on_creation": false,
            "availability_zone": "us-east-1b",
            "availability_zone_id": "use1-az1",
            "cidr_block": "10.110.2.0/24",
            "customer_owned_ipv4_pool": "",
            "enable_dns64": false,
            "enable_lni_at_device_index": 0,
            "enable_resource_name_dns_a_record_on_launch": false,
            "enable_resource_name_dns_aaaa_record_on_launch": false,
            "id": "subnet-0239cac39ae436f18",
            "ipv6_cidr_block": "",
            "ipv6_cidr_block_association_id": "",
            "ipv6_native": false,
            "map_customer_owned_ip_on_launch": false,
            "map_public_ip_on_launch": false,
            "outpost_arn": "",
            "owner_id": "140631808913",
            "private_dns_hostname_type_on_launch": "ip-name",
            "tags": {
              "Name": "Subnet-Internal-B-Tech-Challenge",
              "kubernetes.io/cluster/Backend-Tech-Challenge": "shared"
            },
            "tags_all": {
              "Name": "Subnet-Internal-B-Tech-Challenge",
              "kubernetes.io/cluster/Backend-Tech-Challenge": "shared"
            },
            "timeouts": null,
            "vpc_id": "vpc-070dfbea4f060093f"
          },
          "sensitive_attributes": [],
          "private": "eyJlMmJmYjczMC1lY2FhLTExZTYtOGY4OC0zNDM2M2JjN2M0YzAiOnsiY3JlYXRlIjo2MDAwMDAwMDAwMDAsImRlbGV0ZSI6MTIwMDAwMDAwMDAwMH0sInNjaGVtYV92ZXJzaW9uIjoiMSJ9",
          "dependencies": [
            "module.network.aws_vpc.vpc_tech_challenge"
          ]
        }
      ]
    },
    {
      "module": "module.network",
      "mode": "managed",
      "type": "aws_vpc",
      "name": "vpc_tech_challenge",
      "provider": "provider[\"registry.terraform.io/hashicorp/aws\"]",
      "instances": [
        {
          "schema_version": 1,
          "attributes": {
            "arn": "arn:aws:ec2:us-east-1:140631808913:vpc/vpc-070dfbea4f060093f",
            "assign_generated_ipv6_cidr_block": false,
            "cidr_block": "10.110.0.0/16",
            "default_network_acl_id": "acl-04b127ddac7fd994f",
            "default_route_table_id": "rtb-03a111ab41b4088d3",
            "default_security_group_id": "sg-022fd23645541c771",
            "dhcp_options_id": "dopt-0d85cae7e6a554da9",
            "enable_dns_hostnames": true,
            "enable_dns_support": true,
            "enable_network_address_usage_metrics": false,
            "id": "vpc-070dfbea4f060093f",
            "instance_tenancy": "default",
            "ipv4_ipam_pool_id": null,
            "ipv4_netmask_length": null,
            "ipv6_association_id": "",
            "ipv6_cidr_block": "",
            "ipv6_cidr_block_network_border_group": "",
            "ipv6_ipam_pool_id": "",
            "ipv6_netmask_length": 0,
            "main_route_table_id": "rtb-03a111ab41b4088d3",
            "owner_id": "140631808913",
            "tags": {
              "Name": "VPC-Tech-Challenge"
            },
            "tags_all": {
              "Name": "VPC-Tech-Challenge"
            }
          },
          "sensitive_attributes": [],
          "private": "eyJzY2hlbWFfdmVyc2lvbiI6IjEifQ=="
        }
      ]
    },
    {
      "module": "module.nodes",
      "mode": "managed",
      "type": "aws_eks_node_group",
      "name": "eks_node_group",
      "provider": "provider[\"registry.terraform.io/hashicorp/aws\"]",
      "instances": [
        {
          "schema_version": 0,
          "attributes": {
            "ami_type": "AL2023_x86_64_STANDARD",
            "arn": "arn:aws:eks:us-east-1:140631808913:nodegroup/Backend-Tech-Challenge/EKS_Node_Group-Tech-Challenge/14c9bc74-5309-f8b0-b541-e18ede5dde7c",
            "capacity_type": "ON_DEMAND",
            "cluster_name": "Backend-Tech-Challenge",
            "disk_size": 20,
            "force_update_version": null,
            "id": "Backend-Tech-Challenge:EKS_Node_Group-Tech-Challenge",
            "instance_types": [
              "t3.large"
            ],
            "labels": null,
            "launch_template": [],
            "node_group_name": "EKS_Node_Group-Tech-Challenge",
            "node_group_name_prefix": "",
            "node_role_arn": "arn:aws:iam::140631808913:role/LabRole",
            "release_version": "1.30.6-20241121",
            "remote_access": [],
            "resources": [
              {
                "autoscaling_groups": [
                  {
                    "name": "eks-EKS_Node_Group-Tech-Challenge-14c9bc74-5309-f8b0-b541-e18ede5dde7c"
                  }
                ],
                "remote_access_security_group_id": ""
              }
            ],
            "scaling_config": [
              {
                "desired_size": 2,
                "max_size": 10,
                "min_size": 2
              }
            ],
            "status": "ACTIVE",
            "subnet_ids": [
              "subnet-0239cac39ae436f18",
              "subnet-0b18ed2d062b2334f"
            ],
            "tags": {
              "kubernetes.io/cluster/Backend-Tech-Challenge": "owned"
            },
            "tags_all": {
              "kubernetes.io/cluster/Backend-Tech-Challenge": "owned"
            },
            "taint": [],
            "timeouts": null,
            "update_config": [
              {
                "max_unavailable": 1,
                "max_unavailable_percentage": 0
              }
            ],
            "version": "1.30"
          },
          "sensitive_attributes": [],
          "private": "eyJlMmJmYjczMC1lY2FhLTExZTYtOGY4OC0zNDM2M2JjN2M0YzAiOnsiY3JlYXRlIjozNjAwMDAwMDAwMDAwLCJkZWxldGUiOjM2MDAwMDAwMDAwMDAsInVwZGF0ZSI6MzYwMDAwMDAwMDAwMH19",
          "dependencies": [
            "module.cluster.aws_eks_cluster.eks_cluster",
            "module.cluster.aws_security_group.eks_cluster_sg",
            "module.network.aws_subnet.int_sub_a_tech_challenge",
            "module.network.aws_subnet.int_sub_b_tech_challenge",
            "module.network.aws_vpc.vpc_tech_challenge"
          ]
        }
      ]
    }
  ],
  "check_results": null
}
